
Microsoft Visual Studio Solution File, Format Version 12.00
Project("{FAE04EC0-301F-11D3-BF4B-00C04F79EFBC}") = "Turtle", "Turtle\Turtle.csproj", "{30BF0A3C-8B22-42C8-A8C9-212C2F08B86A}"
EndProject
Project("{FAE04EC0-301F-11D3-BF4B-00C04F79EFBC}") = "Turtle.Contract", "Turtle.Contract\Turtle.Contract.csproj", "{98332EB1-E637-4107-AA56-8C85515C0A4C}"
EndProject
Global
	GlobalSection(SolutionConfigurationPlatforms) = preSolution
		Debug|Any CPU = Debug|Any CPU
		Release|Any CPU = Release|Any CPU
	EndGlobalSection
	GlobalSection(ProjectConfigurationPlatforms) = postSolution
		{30BF0A3C-8B22-42C8-A8C9-212C2F08B86A}.Debug|Any CPU.ActiveCfg = Debug|Any CPU
		{30BF0A3C-8B22-42C8-A8C9-212C2F08B86A}.Debug|Any CPU.Build.0 = Debug|Any CPU
		{30BF0A3C-8B22-42C8-A8C9-212C2F08B86A}.Release|Any CPU.ActiveCfg = Release|Any CPU
		{30BF0A3C-8B22-42C8-A8C9-212C2F08B86A}.Release|Any CPU.Build.0 = Release|Any CPU
		{98332EB1-E637-4107-AA56-8C85515C0A4C}.Debug|Any CPU.ActiveCfg = Debug|Any CPU
		{98332EB1-E637-4107-AA56-8C85515C0A4C}.Debug|Any CPU.Build.0 = Debug|Any CPU
		{98332EB1-E637-4107-AA56-8C85515C0A4C}.Release|Any CPU.ActiveCfg = Release|Any CPU
		{98332EB1-E637-4107-AA56-8C85515C0A4C}.Release|Any CPU.Build.0 = Release|Any CPU
	EndGlobalSection
EndGlobal
